
Microsoft Visual Studio Solution File, Format Version 12.00
# Visual Studio 15
VisualStudioVersion = 15.0.26124.0
MinimumVisualStudioVersion = 15.0.26124.0
Project("{2150E333-8FDC-42A3-9474-1A3956D46DE8}") = "src", "src", "{6C221207-5859-4C4C-97B4-6993F095C5A7}"
EndProject
Project("{F2A71F9B-5D33-465A-A702-920D77279786}") = "Mixer.Core", "src\Mixer.Core\Mixer.Core.fsproj", "{FF743A0A-7E0F-4E79-8B9B-23577EA07B5D}"
EndProject
Project("{2150E333-8FDC-42A3-9474-1A3956D46DE8}") = "test", "test", "{5B0AD58B-E5F3-4A2F-A922-DBB83F5EAA74}"
EndProject
Project("{F2A71F9B-5D33-465A-A702-920D77279786}") = "Mixer.Core.Tests", "test\Mixer.Core.Tests\Mixer.Core.Tests.fsproj", "{E67C9D84-03B5-442A-89F2-6CF03CB77C6C}"
EndProject
Project("{F2A71F9B-5D33-465A-A702-920D77279786}") = "Mixer.Console", "src\Mixer.Console\Mixer.Console.fsproj", "{5BBB0DC3-A12B-436C-B897-6DD9082DFE4A}"
EndProject
Global
	GlobalSection(SolutionConfigurationPlatforms) = preSolution
		Debug|Any CPU = Debug|Any CPU
		Debug|x64 = Debug|x64
		Debug|x86 = Debug|x86
		Release|Any CPU = Release|Any CPU
		Release|x64 = Release|x64
		Release|x86 = Release|x86
	EndGlobalSection
	GlobalSection(SolutionProperties) = preSolution
		HideSolutionNode = FALSE
	EndGlobalSection
	GlobalSection(ProjectConfigurationPlatforms) = postSolution
		{FF743A0A-7E0F-4E79-8B9B-23577EA07B5D}.Debug|Any CPU.ActiveCfg = Debug|Any CPU
		{FF743A0A-7E0F-4E79-8B9B-23577EA07B5D}.Debug|Any CPU.Build.0 = Debug|Any CPU
		{FF743A0A-7E0F-4E79-8B9B-23577EA07B5D}.Debug|x64.ActiveCfg = Debug|Any CPU
		{FF743A0A-7E0F-4E79-8B9B-23577EA07B5D}.Debug|x64.Build.0 = Debug|Any CPU
		{FF743A0A-7E0F-4E79-8B9B-23577EA07B5D}.Debug|x86.ActiveCfg = Debug|Any CPU
		{FF743A0A-7E0F-4E79-8B9B-23577EA07B5D}.Debug|x86.Build.0 = Debug|Any CPU
		{FF743A0A-7E0F-4E79-8B9B-23577EA07B5D}.Release|Any CPU.ActiveCfg = Release|Any CPU
		{FF743A0A-7E0F-4E79-8B9B-23577EA07B5D}.Release|Any CPU.Build.0 = Release|Any CPU
		{FF743A0A-7E0F-4E79-8B9B-23577EA07B5D}.Release|x64.ActiveCfg = Release|Any CPU
		{FF743A0A-7E0F-4E79-8B9B-23577EA07B5D}.Release|x64.Build.0 = Release|Any CPU
		{FF743A0A-7E0F-4E79-8B9B-23577EA07B5D}.Release|x86.ActiveCfg = Release|Any CPU
		{FF743A0A-7E0F-4E79-8B9B-23577EA07B5D}.Release|x86.Build.0 = Release|Any CPU
		{E67C9D84-03B5-442A-89F2-6CF03CB77C6C}.Debug|Any CPU.ActiveCfg = Debug|Any CPU
		{E67C9D84-03B5-442A-89F2-6CF03CB77C6C}.Debug|Any CPU.Build.0 = Debug|Any CPU
		{E67C9D84-03B5-442A-89F2-6CF03CB77C6C}.Debug|x64.ActiveCfg = Debug|Any CPU
		{E67C9D84-03B5-442A-89F2-6CF03CB77C6C}.Debug|x64.Build.0 = Debug|Any CPU
		{E67C9D84-03B5-442A-89F2-6CF03CB77C6C}.Debug|x86.ActiveCfg = Debug|Any CPU
		{E67C9D84-03B5-442A-89F2-6CF03CB77C6C}.Debug|x86.Build.0 = Debug|Any CPU
		{E67C9D84-03B5-442A-89F2-6CF03CB77C6C}.Release|Any CPU.ActiveCfg = Release|Any CPU
		{E67C9D84-03B5-442A-89F2-6CF03CB77C6C}.Release|Any CPU.Build.0 = Release|Any CPU
		{E67C9D84-03B5-442A-89F2-6CF03CB77C6C}.Release|x64.ActiveCfg = Release|Any CPU
		{E67C9D84-03B5-442A-89F2-6CF03CB77C6C}.Release|x64.Build.0 = Release|Any CPU
		{E67C9D84-03B5-442A-89F2-6CF03CB77C6C}.Release|x86.ActiveCfg = Release|Any CPU
		{E67C9D84-03B5-442A-89F2-6CF03CB77C6C}.Release|x86.Build.0 = Release|Any CPU
		{5BBB0DC3-A12B-436C-B897-6DD9082DFE4A}.Debug|Any CPU.ActiveCfg = Debug|Any CPU
		{5BBB0DC3-A12B-436C-B897-6DD9082DFE4A}.Debug|Any CPU.Build.0 = Debug|Any CPU
		{5BBB0DC3-A12B-436C-B897-6DD9082DFE4A}.Debug|x64.ActiveCfg = Debug|Any CPU
		{5BBB0DC3-A12B-436C-B897-6DD9082DFE4A}.Debug|x64.Build.0 = Debug|Any CPU
		{5BBB0DC3-A12B-436C-B897-6DD9082DFE4A}.Debug|x86.ActiveCfg = Debug|Any CPU
		{5BBB0DC3-A12B-436C-B897-6DD9082DFE4A}.Debug|x86.Build.0 = Debug|Any CPU
		{5BBB0DC3-A12B-436C-B897-6DD9082DFE4A}.Release|Any CPU.ActiveCfg = Release|Any CPU
		{5BBB0DC3-A12B-436C-B897-6DD9082DFE4A}.Release|Any CPU.Build.0 = Release|Any CPU
		{5BBB0DC3-A12B-436C-B897-6DD9082DFE4A}.Release|x64.ActiveCfg = Release|Any CPU
		{5BBB0DC3-A12B-436C-B897-6DD9082DFE4A}.Release|x64.Build.0 = Release|Any CPU
		{5BBB0DC3-A12B-436C-B897-6DD9082DFE4A}.Release|x86.ActiveCfg = Release|Any CPU
		{5BBB0DC3-A12B-436C-B897-6DD9082DFE4A}.Release|x86.Build.0 = Release|Any CPU
	EndGlobalSection
	GlobalSection(NestedProjects) = preSolution
		{FF743A0A-7E0F-4E79-8B9B-23577EA07B5D} = {6C221207-5859-4C4C-97B4-6993F095C5A7}
		{E67C9D84-03B5-442A-89F2-6CF03CB77C6C} = {5B0AD58B-E5F3-4A2F-A922-DBB83F5EAA74}
		{5BBB0DC3-A12B-436C-B897-6DD9082DFE4A} = {6C221207-5859-4C4C-97B4-6993F095C5A7}
	EndGlobalSection
EndGlobal
